# This file is autogenerated, do not edit; changes may be undone by the next 'dep ensure'.


[[projects]]
  name = "github.com/inconshreveable/mousetrap"
  packages = ["."]
  revision = "76626ae9c91c4f2a10f34cad8ce83ea42c93bb75"
  version = "v1.0"

[[projects]]
  name = "github.com/sirupsen/logrus"
  packages = ["."]
  revision = "a3f95b5c423586578a4e099b11a46c2479628cac"
  version = "1.0.2"

[[projects]]
  branch = "master"
  name = "github.com/spf13/cobra"
  packages = ["."]
  revision = "b26b538f693051ac6518e65672de3144ce3fbedc"

[[projects]]
  name = "github.com/spf13/pflag"
  packages = ["."]
  revision = "e57e3eeb33f795204c1ca35f56c44f83227c6e66"
  version = "v1.0.0"

[[projects]]
  branch = "master"
  name = "golang.org/x/sys"
  packages = ["unix"]
  revision = "d8f5ea21b9295e315e612b4bcf4bedea93454d4d"

[solve-meta]
  analyzer-name = "dep"
  analyzer-version = 1
  inputs-digest = "456dc3ffbc9bd0278f1f4d4225111f32ce3476d9e72d032514d89747e09d906b"
  solver-name = "gps-cdcl"
  solver-version = 1
